// !$*UTF8*$!
{
	archiveVersion = 1;
	classes = {
	};
	objectVersion = 46;
	objects = {

/* Begin PBXBuildFile section */
		9BE544E01C68FD8200CDE8DD /* main.m in Sources */ = {isa = PBXBuildFile; fileRef = 9BE544DF1C68FD8200CDE8DD /* main.m */; };
/* End PBXBuildFile section */

/* Begin PBXCopyFilesBuildPhase section */
		9BE544DA1C68FD8200CDE8DD /* CopyFiles */ = {
			isa = PBXCopyFilesBuildPhase;
			buildActionMask = 2147483647;
			dstPath = /usr/share/man/man1/;
			dstSubfolderSpec = 0;
			files = (
			);
			runOnlyForDeploymentPostprocessing = 1;
		};
/* End PBXCopyFilesBuildPhase section */

/* Begin PBXFileReference section */
		9BE544DC1C68FD8200CDE8DD /* EndnoteSandboxAccess */ = {isa = PBXFileReference; explicitFileType = "compiled.mach-o.executable"; includeInIndex = 0; path = EndnoteSandboxAccess; sourceTree = BUILT_PRODUCTS_DIR; };
		9BE544DF1C68FD8200CDE8DD /* main.m */ = {isa = PBXFileReference; lastKnownFileType = sourcecode.c.objc; path = main.m; sourceTree = "<group>"; };
/* End PBXFileReference section */

/* Begin PBXFrameworksBuildPhase section */
		9BE544D91C68FD8200CDE8DD /* Frameworks */ = {
			isa = PBXFrameworksBuildPhase;
			buildActionMask = 2147483647;
			files = (
			);
			runOnlyForDeploymentPostprocessing = 0;
		};
/* End PBXFrameworksBuildPhase section */

/* Begin PBXGroup section */
		9BE544D31C68FD8200CDE8DD = {
			isa = PBXGroup;
			children = (
				9BE544DE1C68FD8200CDE8DD /* EndnoteSandboxAccess */,
				9BE544DD1C68FD8200CDE8DD /* Products */,
			);
			sourceTree = "<group>";
		};
		9BE544DD1C68FD8200CDE8DD /* Products */ = {
			isa = PBXGroup;
			children = (
				9BE544DC1C68FD8200CDE8DD /* EndnoteSandboxAccess */,
			);
			name = Products;
			sourceTree = "<group>";
		};
		9BE544DE1C68FD8200CDE8DD /* EndnoteSandboxAccess */ = {
			isa = PBXGroup;
			children = (
				9BE544DF1C68FD8200CDE8DD /* main.m */,
			);
			path = EndnoteSandboxAccess;
			sourceTree = "<group>";
		};
/* End PBXGroup section */

/* Begin PBXNativeTarget section */
		9BE544DB1C68FD8200CDE8DD /* EndnoteSandboxAccess */ = {
			isa = PBXNativeTarget;
			buildConfigurationList = 9BE544E31C68FD8200CDE8DD /* Build configuration list for PBXNativeTarget "EndnoteSandboxAccess" */;
			buildPhases = (
				9BE544D81C68FD8200CDE8DD /* Sources */,
				9BE544D91C68FD8200CDE8DD /* Frameworks */,
				9BE544DA1C68FD8200CDE8DD /* CopyFiles */,
			);
			buildRules = (
			);
			dependencies = (
			);
			name = EndnoteSandboxAccess;
			productName = EndnoteSandboxAccess;
			productReference = 9BE544DC1C68FD8200CDE8DD /* EndnoteSandboxAccess */;
			productType = "com.apple.product-type.tool";
		};
/* End PBXNativeTarget section */

/* Begin PBXProject section */
		9BE544D41C68FD8200CDE8DD /* Project object */ = {
			isa = PBXProject;
			attributes = {
				LastUpgradeCheck = 0720;
				ORGANIZATIONNAME = "ETH Zurich";
				TargetAttributes = {
					9BE544DB1C68FD8200CDE8DD = {
						CreatedOnToolsVersion = 7.2;
					};
				};
			};
			buildConfigurationList = 9BE544D71C68FD8200CDE8DD /* Build configuration list for PBXProject "EndnoteSandboxAccess" */;
			compatibilityVersion = "Xcode 3.2";
			developmentRegion = English;
			hasScannedForEncodings = 0;
			knownRegions = (
				en,
			);
			mainGroup = 9BE544D31C68FD8200CDE8DD;
			productRefGroup = 9BE544DD1C68FD8200CDE8DD /* Products */;
			projectDirPath = "";
			projectRoot = "";
			targets = (
				9BE544DB1C68FD8200CDE8DD /* EndnoteSandboxAccess */,
			);
		};
/* End PBXProject section */

/* Begin PBXSourcesBuildPhase section */
		9BE544D81C68FD8200CDE8DD /* Sources */ = {
			isa = PBXSourcesBuildPhase;
			buildActionMask = 2147483647;
			files = (
				9BE544E01C68FD8200CDE8DD /* main.m in Sources */,
			);
			runOnlyForDeploymentPostprocessing = 0;
		};
/* End PBXSourcesBuildPhase section */

/* Begin XCBuildConfiguration section */
		9BE544E11C68FD8200CDE8DD /* Debug */ = {
			isa = XCBuildConfiguration;
			buildSettings = {
				ALWAYS_SEARCH_USER_PATHS = NO;
				CLANG_CXX_LANGUAGE_STANDARD = "gnu++0x";
				CLANG_CXX_LIBRARY = "libc++";
				CLANG_ENABLE_MODULES = YES;
				CLANG_ENABLE_OBJC_ARC = YES;
				CLANG_WARN_BOOL_CONVERSION = YES;
				CLANG_WARN_CONSTANT_CONVERSION = YES;
				CLANG_WARN_DIRECT_OBJC_ISA_USAGE = YES_ERROR;
				CLANG_WARN_EMPTY_BODY = YES;
				CLANG_WARN_ENUM_CONVERSION = YES;
				CLANG_WARN_INT_CONVERSION = YES;
				CLANG_WARN_OBJC_ROOT_CLASS = YES_ERROR;
				CLANG_WARN_UNREACHABLE_CODE = YES;
				CLANG_WARN__DUPLICATE_METHOD_MATCH = YES;
				CODE_SIGN_IDENTITY = "-";
				COPY_PHASE_STRIP = NO;
				DEBUG_INFORMATION_FORMAT = dwarf;
				ENABLE_STRICT_OBJC_MSGSEND = YES;
				ENABLE_TESTABILITY = YES;
				GCC_C_LANGUAGE_STANDARD = gnu99;
				GCC_DYNAMIC_NO_PIC = NO;
				GCC_NO_COMMON_BLOCKS = YES;
				GCC_OPTIMIZATION_LEVEL = 0;
				GCC_PREPROCESSOR_DEFINITIONS = (
					"DEBUG=1",
					"$(inherited)",
				);
				GCC_WARN_64_TO_32_BIT_CONVERSION = YES;
				GCC_WARN_ABOUT_RETURN_TYPE = YES_ERROR;
				GCC_WARN_UNDECLARED_SELECTOR = YES;
				GCC_WARN_UNINITIALIZED_AUTOS = YES_AGGRESSIVE;
				GCC_WARN_UNUSED_FUNCTION = YES;
				GCC_WARN_UNUSED_VARIABLE = YES;
				MACOSX_DEPLOYMENT_TARGET = 10.11;
				MTL_ENABLE_DEBUG_INFO = YES;
				ONLY_ACTIVE_ARCH = YES;
				SDKROOT = macosx;
			};
			name = Debug;
		};
		9BE544E21C68FD8200CDE8DD /* Release */ = {
			isa = XCBuildConfiguration;
			buildSettings = {
				ALWAYS_SEARCH_USER_PATHS = NO;
				CLANG_CXX_LANGUAGE_STANDARD = "gnu++0x";
				CLANG_CXX_LIBRARY = "libc++";
				CLANG_ENABLE_MODULES = YES;
				CLANG_ENABLE_OBJC_ARC = YES;
				CLANG_WARN_BOOL_CONVERSION = YES;
				CLANG_WARN_CONSTANT_CONVERSION = YES;
				CLANG_WARN_DIRECT_OBJC_ISA_USAGE = YES_ERROR;
				CLANG_WARN_EMPTY_BODY = YES;
				CLANG_WARN_ENUM_CONVERSION = YES;
				CLANG_WARN_INT_CONVERSION = YES;
				CLANG_WARN_OBJC_ROOT_CLASS = YES_ERROR;
				CLANG_WARN_UNREACHABLE_CODE = YES;
				CLANG_WARN__DUPLICATE_METHOD_MATCH = YES;
				CODE_SIGN_IDENTITY = "-";
				COPY_PHASE_STRIP = NO;
				DEBUG_INFORMATION_FORMAT = "dwarf-with-dsym";
				ENABLE_NS_ASSERTIONS = NO;
				ENABLE_STRICT_OBJC_MSGSEND = YES;
				GCC_C_LANGUAGE_STANDARD = gnu99;
				GCC_NO_COMMON_BLOCKS = YES;
				GCC_WARN_64_TO_32_BIT_CONVERSION = YES;
				GCC_WARN_ABOUT_RETURN_TYPE = YES_ERROR;
				GCC_WARN_UNDECLARED_SELECTOR = YES;
				GCC_WARN_UNINITIALIZED_AUTOS = YES_AGGRESSIVE;
				GCC_WARN_UNUSED_FUNCTION = YES;
				GCC_WARN_UNUSED_VARIABLE = YES;
				MACOSX_DEPLOYMENT_TARGET = 10.11;
				MTL_ENABLE_DEBUG_INFO = NO;
				SDKROOT = macosx;
			};
			name = Release;
		};
		9BE544E41C68FD8200CDE8DD /* Debug */ = {
			isa = XCBuildConfiguration;
			buildSettings = {
				PRODUCT_NAME = "$(TARGET_NAME)";
			};
			name = Debug;
		};
		9BE544E51C68FD8200CDE8DD /* Release */ = {
			isa = XCBuildConfiguration;
			buildSettings = {
				PRODUCT_NAME = "$(TARGET_NAME)";
			};
			name = Release;
		};
/* End XCBuildConfiguration section */

/* Begin XCConfigurationList section */
		9BE544D71C68FD8200CDE8DD /* Build configuration list for PBXProject "EndnoteSandboxAccess" */ = {
			isa = XCConfigurationList;
			buildConfigurations = (
				9BE544E11C68FD8200CDE8DD /* Debug */,
				9BE544E21C68FD8200CDE8DD /* Release */,
			);
			defaultConfigurationIsVisible = 0;
			defaultConfigurationName = Release;
		};
		9BE544E31C68FD8200CDE8DD /* Build configuration list for PBXNativeTarget "EndnoteSandboxAccess" */ = {
			isa = XCConfigurationList;
			buildConfigurations = (
				9BE544E41C68FD8200CDE8DD /* Debug */,
				9BE544E51C68FD8200CDE8DD /* Release */,
			);
			defaultConfigurationIsVisible = 0;
		};
/* End XCConfigurationList section */
	};
	rootObject = 9BE544D41C68FD8200CDE8DD /* Project object */;
}
